PODS:
  - shared (0.1)

DEPENDENCIES:
  - "shared (from `../SepparatedApp(Android&Shared)/shared`)"

EXTERNAL SOURCES:
  shared:
    :path: "../SepparatedApp(Android&Shared)/shared"

SPEC CHECKSUMS:
  shared: 7c3d6135ccc8f16823bb497f5e2c15a718497d41

PODFILE CHECKSUM: 1ccf77d154479eefb23b78fb69e8a70f7564e509

COCOAPODS: 1.10.1
