// !$*UTF8*$!
{
	archiveVersion = 1;
	classes = {
	};
	objectVersion = 54;
	objects = {

/* Begin PBXBuildFile section */
		2152FB042600AC8F00CF470E /* iOSApp.swift in Sources */ = {isa = PBXBuildFile; fileRef = 2152FB032600AC8F00CF470E /* iOSApp.swift */; };
		276ACA1813916A9EFE5F1951 /* Pods_iosApp.framework in Frameworks */ = {isa = PBXBuildFile; fileRef = 9F5529379424452CFECB1C2D /* Pods_iosApp.framework */; };
		4AFF22D9EEDF317999A5D91B /* Pods_watchApp.framework in Frameworks */ = {isa = PBXBuildFile; fileRef = 9659E54060F3FF9D350C5757 /* Pods_watchApp.framework */; };
		7555FF83242A565900829871 /* ContentView.swift in Sources */ = {isa = PBXBuildFile; fileRef = 7555FF82242A565900829871 /* ContentView.swift */; };
		FF03E00B2657E3B600C85852 /* watchApp WatchKit App.app in Embed Watch Content */ = {isa = PBXBuildFile; fileRef = FF03E00A2657E3B600C85852 /* watchApp WatchKit App.app */; settings = {ATTRIBUTES = (RemoveHeadersOnCopy, ); }; };
		FF03E0102657E3BC00C85852 /* Assets.xcassets in Resources */ = {isa = PBXBuildFile; fileRef = FF03E00F2657E3BC00C85852 /* Assets.xcassets */; };
		FF03E0172657E3BC00C85852 /* watchApp WatchKit Extension.appex in Embed App Extensions */ = {isa = PBXBuildFile; fileRef = FF03E0162657E3BC00C85852 /* watchApp WatchKit Extension.appex */; settings = {ATTRIBUTES = (RemoveHeadersOnCopy, ); }; };
		FF03E01C2657E3BC00C85852 /* iosAppApp.swift in Sources */ = {isa = PBXBuildFile; fileRef = FF03E01B2657E3BC00C85852 /* iosAppApp.swift */; };
		FF03E01E2657E3BC00C85852 /* ContentView.swift in Sources */ = {isa = PBXBuildFile; fileRef = FF03E01D2657E3BC00C85852 /* ContentView.swift */; };
		FF03E0202657E3BC00C85852 /* NotificationController.swift in Sources */ = {isa = PBXBuildFile; fileRef = FF03E01F2657E3BC00C85852 /* NotificationController.swift */; };
		FF03E0222657E3BC00C85852 /* NotificationView.swift in Sources */ = {isa = PBXBuildFile; fileRef = FF03E0212657E3BC00C85852 /* NotificationView.swift */; };
		FF03E0242657E3BC00C85852 /* ComplicationController.swift in Sources */ = {isa = PBXBuildFile; fileRef = FF03E0232657E3BC00C85852 /* ComplicationController.swift */; };
		FF03E0262657E3BF00C85852 /* Assets.xcassets in Resources */ = {isa = PBXBuildFile; fileRef = FF03E0252657E3BF00C85852 /* Assets.xcassets */; };
		FF03E0292657E3BF00C85852 /* Preview Assets.xcassets in Resources */ = {isa = PBXBuildFile; fileRef = FF03E0282657E3BF00C85852 /* Preview Assets.xcassets */; };
		FF03E0352657E3BF00C85852 /* watchAppTests.swift in Sources */ = {isa = PBXBuildFile; fileRef = FF03E0342657E3BF00C85852 /* watchAppTests.swift */; };
		FF03E0402657E3BF00C85852 /* watchAppUITests.swift in Sources */ = {isa = PBXBuildFile; fileRef = FF03E03F2657E3BF00C85852 /* watchAppUITests.swift */; };
/* End PBXBuildFile section */

/* Begin PBXContainerItemProxy section */
		FF03E00C2657E3B600C85852 /* PBXContainerItemProxy */ = {
			isa = PBXContainerItemProxy;
			containerPortal = 7555FF73242A565900829871 /* Project object */;
			proxyType = 1;
			remoteGlobalIDString = FF03E0092657E3B600C85852;
			remoteInfo = "watchApp WatchKit App";
		};
		FF03E0182657E3BC00C85852 /* PBXContainerItemProxy */ = {
			isa = PBXContainerItemProxy;
			containerPortal = 7555FF73242A565900829871 /* Project object */;
			proxyType = 1;
			remoteGlobalIDString = FF03E0152657E3BC00C85852;
			remoteInfo = "watchApp WatchKit Extension";
		};
		FF03E0312657E3BF00C85852 /* PBXContainerItemProxy */ = {
			isa = PBXContainerItemProxy;
			containerPortal = 7555FF73242A565900829871 /* Project object */;
			proxyType = 1;
			remoteGlobalIDString = FF03E0152657E3BC00C85852;
			remoteInfo = "watchApp WatchKit Extension";
		};
		FF03E03C2657E3BF00C85852 /* PBXContainerItemProxy */ = {
			isa = PBXContainerItemProxy;
			containerPortal = 7555FF73242A565900829871 /* Project object */;
			proxyType = 1;
			remoteGlobalIDString = FF03E0092657E3B600C85852;
			remoteInfo = "watchApp WatchKit App";
		};
/* End PBXContainerItemProxy section */

/* Begin PBXCopyFilesBuildPhase section */
		7555FFB4242A642300829871 /* Embed Frameworks */ = {
			isa = PBXCopyFilesBuildPhase;
			buildActionMask = 2147483647;
			dstPath = "";
			dstSubfolderSpec = 10;
			files = (
			);
			name = "Embed Frameworks";
			runOnlyForDeploymentPostprocessing = 0;
		};
		FF03E0462657E3BF00C85852 /* Embed App Extensions */ = {
			isa = PBXCopyFilesBuildPhase;
			buildActionMask = 2147483647;
			dstPath = "";
			dstSubfolderSpec = 13;
			files = (
				FF03E0172657E3BC00C85852 /* watchApp WatchKit Extension.appex in Embed App Extensions */,
			);
			name = "Embed App Extensions";
			runOnlyForDeploymentPostprocessing = 0;
		};
		FF03E04B2657E3BF00C85852 /* Embed Watch Content */ = {
			isa = PBXCopyFilesBuildPhase;
			buildActionMask = 2147483647;
			dstPath = "$(CONTENTS_FOLDER_PATH)/Watch";
			dstSubfolderSpec = 16;
			files = (
				FF03E00B2657E3B600C85852 /* watchApp WatchKit App.app in Embed Watch Content */,
			);
			name = "Embed Watch Content";
			runOnlyForDeploymentPostprocessing = 0;
		};
/* End PBXCopyFilesBuildPhase section */

/* Begin PBXFileReference section */
		044972F6A3B578055ACB6B1B /* Pods-iosApp.qa.xcconfig */ = {isa = PBXFileReference; includeInIndex = 1; lastKnownFileType = text.xcconfig; name = "Pods-iosApp.qa.xcconfig"; path = "Target Support Files/Pods-iosApp/Pods-iosApp.qa.xcconfig"; sourceTree = "<group>"; };
		2152FB032600AC8F00CF470E /* iOSApp.swift */ = {isa = PBXFileReference; lastKnownFileType = sourcecode.swift; path = iOSApp.swift; sourceTree = "<group>"; };
		4917A8A305561C5255FAEC14 /* Pods-watchApp.release.xcconfig */ = {isa = PBXFileReference; includeInIndex = 1; lastKnownFileType = text.xcconfig; name = "Pods-watchApp.release.xcconfig"; path = "Target Support Files/Pods-watchApp/Pods-watchApp.release.xcconfig"; sourceTree = "<group>"; };
		735EABD62313C8FFDB43B500 /* Pods-watchApp.qa.xcconfig */ = {isa = PBXFileReference; includeInIndex = 1; lastKnownFileType = text.xcconfig; name = "Pods-watchApp.qa.xcconfig"; path = "Target Support Files/Pods-watchApp/Pods-watchApp.qa.xcconfig"; sourceTree = "<group>"; };
		7555FF7B242A565900829871 /* iosApp.app */ = {isa = PBXFileReference; explicitFileType = wrapper.application; includeInIndex = 0; path = iosApp.app; sourceTree = BUILT_PRODUCTS_DIR; };
		7555FF82242A565900829871 /* ContentView.swift */ = {isa = PBXFileReference; lastKnownFileType = sourcecode.swift; path = ContentView.swift; sourceTree = "<group>"; };
		7555FF8C242A565B00829871 /* Info.plist */ = {isa = PBXFileReference; lastKnownFileType = text.plist.xml; path = Info.plist; sourceTree = "<group>"; };
		9659E54060F3FF9D350C5757 /* Pods_watchApp.framework */ = {isa = PBXFileReference; explicitFileType = wrapper.framework; includeInIndex = 0; path = Pods_watchApp.framework; sourceTree = BUILT_PRODUCTS_DIR; };
		9F5529379424452CFECB1C2D /* Pods_iosApp.framework */ = {isa = PBXFileReference; explicitFileType = wrapper.framework; includeInIndex = 0; path = Pods_iosApp.framework; sourceTree = BUILT_PRODUCTS_DIR; };
		B2794B1FE958DE87ECC144CD /* Pods-iosApp.debug.xcconfig */ = {isa = PBXFileReference; includeInIndex = 1; lastKnownFileType = text.xcconfig; name = "Pods-iosApp.debug.xcconfig"; path = "Target Support Files/Pods-iosApp/Pods-iosApp.debug.xcconfig"; sourceTree = "<group>"; };
		E46FE2F950D3463204DE8592 /* Pods-watchApp.debug.xcconfig */ = {isa = PBXFileReference; includeInIndex = 1; lastKnownFileType = text.xcconfig; name = "Pods-watchApp.debug.xcconfig"; path = "Target Support Files/Pods-watchApp/Pods-watchApp.debug.xcconfig"; sourceTree = "<group>"; };
		E71964F677E40F99EC2D3891 /* Pods-iosApp.release.xcconfig */ = {isa = PBXFileReference; includeInIndex = 1; lastKnownFileType = text.xcconfig; name = "Pods-iosApp.release.xcconfig"; path = "Target Support Files/Pods-iosApp/Pods-iosApp.release.xcconfig"; sourceTree = "<group>"; };
		FF03E0072657E3B600C85852 /* watchApp.app */ = {isa = PBXFileReference; explicitFileType = wrapper.application; includeInIndex = 0; path = watchApp.app; sourceTree = BUILT_PRODUCTS_DIR; };
		FF03E00A2657E3B600C85852 /* watchApp WatchKit App.app */ = {isa = PBXFileReference; explicitFileType = wrapper.application; includeInIndex = 0; path = "watchApp WatchKit App.app"; sourceTree = BUILT_PRODUCTS_DIR; };
		FF03E00F2657E3BC00C85852 /* Assets.xcassets */ = {isa = PBXFileReference; lastKnownFileType = folder.assetcatalog; path = Assets.xcassets; sourceTree = "<group>"; };
		FF03E0112657E3BC00C85852 /* Info.plist */ = {isa = PBXFileReference; lastKnownFileType = text.plist.xml; path = Info.plist; sourceTree = "<group>"; };
		FF03E0162657E3BC00C85852 /* watchApp WatchKit Extension.appex */ = {isa = PBXFileReference; explicitFileType = "wrapper.app-extension"; includeInIndex = 0; path = "watchApp WatchKit Extension.appex"; sourceTree = BUILT_PRODUCTS_DIR; };
		FF03E01B2657E3BC00C85852 /* iosAppApp.swift */ = {isa = PBXFileReference; lastKnownFileType = sourcecode.swift; path = iosAppApp.swift; sourceTree = "<group>"; };
		FF03E01D2657E3BC00C85852 /* ContentView.swift */ = {isa = PBXFileReference; lastKnownFileType = sourcecode.swift; path = ContentView.swift; sourceTree = "<group>"; };
		FF03E01F2657E3BC00C85852 /* NotificationController.swift */ = {isa = PBXFileReference; lastKnownFileType = sourcecode.swift; path = NotificationController.swift; sourceTree = "<group>"; };
		FF03E0212657E3BC00C85852 /* NotificationView.swift */ = {isa = PBXFileReference; lastKnownFileType = sourcecode.swift; path = NotificationView.swift; sourceTree = "<group>"; };
		FF03E0232657E3BC00C85852 /* ComplicationController.swift */ = {isa = PBXFileReference; lastKnownFileType = sourcecode.swift; path = ComplicationController.swift; sourceTree = "<group>"; };
		FF03E0252657E3BF00C85852 /* Assets.xcassets */ = {isa = PBXFileReference; lastKnownFileType = folder.assetcatalog; path = Assets.xcassets; sourceTree = "<group>"; };
		FF03E0282657E3BF00C85852 /* Preview Assets.xcassets */ = {isa = PBXFileReference; lastKnownFileType = folder.assetcatalog; path = "Preview Assets.xcassets"; sourceTree = "<group>"; };
		FF03E02A2657E3BF00C85852 /* Info.plist */ = {isa = PBXFileReference; lastKnownFileType = text.plist.xml; path = Info.plist; sourceTree = "<group>"; };
		FF03E02B2657E3BF00C85852 /* PushNotificationPayload.apns */ = {isa = PBXFileReference; lastKnownFileType = text; path = PushNotificationPayload.apns; sourceTree = "<group>"; };
		FF03E0302657E3BF00C85852 /* watchAppTests.xctest */ = {isa = PBXFileReference; explicitFileType = wrapper.cfbundle; includeInIndex = 0; path = watchAppTests.xctest; sourceTree = BUILT_PRODUCTS_DIR; };
		FF03E0342657E3BF00C85852 /* watchAppTests.swift */ = {isa = PBXFileReference; lastKnownFileType = sourcecode.swift; path = watchAppTests.swift; sourceTree = "<group>"; };
		FF03E0362657E3BF00C85852 /* Info.plist */ = {isa = PBXFileReference; lastKnownFileType = text.plist.xml; path = Info.plist; sourceTree = "<group>"; };
		FF03E03B2657E3BF00C85852 /* watchAppUITests.xctest */ = {isa = PBXFileReference; explicitFileType = wrapper.cfbundle; includeInIndex = 0; path = watchAppUITests.xctest; sourceTree = BUILT_PRODUCTS_DIR; };
		FF03E03F2657E3BF00C85852 /* watchAppUITests.swift */ = {isa = PBXFileReference; lastKnownFileType = sourcecode.swift; path = watchAppUITests.swift; sourceTree = "<group>"; };
		FF03E0412657E3BF00C85852 /* Info.plist */ = {isa = PBXFileReference; lastKnownFileType = text.plist.xml; path = Info.plist; sourceTree = "<group>"; };
		FF5BE3C7265FEDE800169E1C /* Podfile */ = {isa = PBXFileReference; lastKnownFileType = text; path = Podfile; sourceTree = "<group>"; };
/* End PBXFileReference section */

/* Begin PBXFrameworksBuildPhase section */
		16870CA2A9228E13EC747273 /* Frameworks */ = {
			isa = PBXFrameworksBuildPhase;
			buildActionMask = 2147483647;
			files = (
				4AFF22D9EEDF317999A5D91B /* Pods_watchApp.framework in Frameworks */,
			);
			runOnlyForDeploymentPostprocessing = 0;
		};
		7555FF78242A565900829871 /* Frameworks */ = {
			isa = PBXFrameworksBuildPhase;
			buildActionMask = 2147483647;
			files = (
				276ACA1813916A9EFE5F1951 /* Pods_iosApp.framework in Frameworks */,
			);
			runOnlyForDeploymentPostprocessing = 0;
		};
		D4EE43EF542B5CFFC3D2C7DE /* Frameworks */ = {
			isa = PBXFrameworksBuildPhase;
			buildActionMask = 2147483647;
			files = (
			);
			runOnlyForDeploymentPostprocessing = 0;
		};
		FF03E0132657E3BC00C85852 /* Frameworks */ = {
			isa = PBXFrameworksBuildPhase;
			buildActionMask = 2147483647;
			files = (
			);
			runOnlyForDeploymentPostprocessing = 0;
		};
		FF03E02D2657E3BF00C85852 /* Frameworks */ = {
			isa = PBXFrameworksBuildPhase;
			buildActionMask = 2147483647;
			files = (
			);
			runOnlyForDeploymentPostprocessing = 0;
		};
		FF03E0382657E3BF00C85852 /* Frameworks */ = {
			isa = PBXFrameworksBuildPhase;
			buildActionMask = 2147483647;
			files = (
			);
			runOnlyForDeploymentPostprocessing = 0;
		};
/* End PBXFrameworksBuildPhase section */

/* Begin PBXGroup section */
		63311306E1DE8E3B8239068D /* Pods */ = {
			isa = PBXGroup;
			children = (
				B2794B1FE958DE87ECC144CD /* Pods-iosApp.debug.xcconfig */,
				044972F6A3B578055ACB6B1B /* Pods-iosApp.qa.xcconfig */,
				E71964F677E40F99EC2D3891 /* Pods-iosApp.release.xcconfig */,
				E46FE2F950D3463204DE8592 /* Pods-watchApp.debug.xcconfig */,
				735EABD62313C8FFDB43B500 /* Pods-watchApp.qa.xcconfig */,
				4917A8A305561C5255FAEC14 /* Pods-watchApp.release.xcconfig */,
			);
			name = Pods;
			path = Pods;
			sourceTree = "<group>";
		};
		7555FF72242A565900829871 = {
			isa = PBXGroup;
			children = (
				FF5BE3C7265FEDE800169E1C /* Podfile */,
				7555FF7D242A565900829871 /* iosApp */,
				FF03E00E2657E3B600C85852 /* watchApp WatchKit App */,
				FF03E01A2657E3BC00C85852 /* watchApp WatchKit Extension */,
				FF03E0332657E3BF00C85852 /* watchAppTests */,
				FF03E03E2657E3BF00C85852 /* watchAppUITests */,
				7555FF7C242A565900829871 /* Products */,
				7555FFB0242A642200829871 /* Frameworks */,
				63311306E1DE8E3B8239068D /* Pods */,
			);
			sourceTree = "<group>";
		};
		7555FF7C242A565900829871 /* Products */ = {
			isa = PBXGroup;
			children = (
				7555FF7B242A565900829871 /* iosApp.app */,
				FF03E0072657E3B600C85852 /* watchApp.app */,
				FF03E00A2657E3B600C85852 /* watchApp WatchKit App.app */,
				FF03E0162657E3BC00C85852 /* watchApp WatchKit Extension.appex */,
				FF03E0302657E3BF00C85852 /* watchAppTests.xctest */,
				FF03E03B2657E3BF00C85852 /* watchAppUITests.xctest */,
			);
			name = Products;
			sourceTree = "<group>";
		};
		7555FF7D242A565900829871 /* iosApp */ = {
			isa = PBXGroup;
			children = (
				7555FF82242A565900829871 /* ContentView.swift */,
				7555FF8C242A565B00829871 /* Info.plist */,
				2152FB032600AC8F00CF470E /* iOSApp.swift */,
			);
			path = iosApp;
			sourceTree = "<group>";
		};
		7555FFB0242A642200829871 /* Frameworks */ = {
			isa = PBXGroup;
			children = (
				9F5529379424452CFECB1C2D /* Pods_iosApp.framework */,
				9659E54060F3FF9D350C5757 /* Pods_watchApp.framework */,
			);
			name = Frameworks;
			sourceTree = "<group>";
		};
		FF03E00E2657E3B600C85852 /* watchApp WatchKit App */ = {
			isa = PBXGroup;
			children = (
				FF03E00F2657E3BC00C85852 /* Assets.xcassets */,
				FF03E0112657E3BC00C85852 /* Info.plist */,
			);
			path = "watchApp WatchKit App";
			sourceTree = "<group>";
		};
		FF03E01A2657E3BC00C85852 /* watchApp WatchKit Extension */ = {
			isa = PBXGroup;
			children = (
				FF03E01B2657E3BC00C85852 /* iosAppApp.swift */,
				FF03E01D2657E3BC00C85852 /* ContentView.swift */,
				FF03E01F2657E3BC00C85852 /* NotificationController.swift */,
				FF03E0212657E3BC00C85852 /* NotificationView.swift */,
				FF03E0232657E3BC00C85852 /* ComplicationController.swift */,
				FF03E0252657E3BF00C85852 /* Assets.xcassets */,
				FF03E02A2657E3BF00C85852 /* Info.plist */,
				FF03E02B2657E3BF00C85852 /* PushNotificationPayload.apns */,
				FF03E0272657E3BF00C85852 /* Preview Content */,
			);
			path = "watchApp WatchKit Extension";
			sourceTree = "<group>";
		};
		FF03E0272657E3BF00C85852 /* Preview Content */ = {
			isa = PBXGroup;
			children = (
				FF03E0282657E3BF00C85852 /* Preview Assets.xcassets */,
			);
			path = "Preview Content";
			sourceTree = "<group>";
		};
		FF03E0332657E3BF00C85852 /* watchAppTests */ = {
			isa = PBXGroup;
			children = (
				FF03E0342657E3BF00C85852 /* watchAppTests.swift */,
				FF03E0362657E3BF00C85852 /* Info.plist */,
			);
			path = watchAppTests;
			sourceTree = "<group>";
		};
		FF03E03E2657E3BF00C85852 /* watchAppUITests */ = {
			isa = PBXGroup;
			children = (
				FF03E03F2657E3BF00C85852 /* watchAppUITests.swift */,
				FF03E0412657E3BF00C85852 /* Info.plist */,
			);
			path = watchAppUITests;
			sourceTree = "<group>";
		};
/* End PBXGroup section */

/* Begin PBXNativeTarget section */
		7555FF7A242A565900829871 /* iosApp */ = {
			isa = PBXNativeTarget;
			buildConfigurationList = 7555FFA5242A565B00829871 /* Build configuration list for PBXNativeTarget "iosApp" */;
			buildPhases = (
				565A11CC99DDDF26FD022AC7 /* [CP] Check Pods Manifest.lock */,
				7555FFB5242A651A00829871 /* ShellScript */,
				7555FF77242A565900829871 /* Sources */,
				7555FF78242A565900829871 /* Frameworks */,
				7555FF79242A565900829871 /* Resources */,
				7555FFB4242A642300829871 /* Embed Frameworks */,
			);
			buildRules = (
			);
			dependencies = (
			);
			name = iosApp;
			productName = iosApp;
			productReference = 7555FF7B242A565900829871 /* iosApp.app */;
			productType = "com.apple.product-type.application";
		};
		FF03E0062657E3B600C85852 /* watchApp */ = {
			isa = PBXNativeTarget;
			buildConfigurationList = FF03E04C2657E3BF00C85852 /* Build configuration list for PBXNativeTarget "watchApp" */;
			buildPhases = (
				9017B92CD4D198785ADBD8E9 /* [CP] Check Pods Manifest.lock */,
				FF03E0582657E3E400C85852 /* ShellScript */,
				FF03E0052657E3B600C85852 /* Resources */,
				FF03E04B2657E3BF00C85852 /* Embed Watch Content */,
				16870CA2A9228E13EC747273 /* Frameworks */,
			);
			buildRules = (
			);
			dependencies = (
				FF03E00D2657E3B600C85852 /* PBXTargetDependency */,
			);
			name = watchApp;
			productName = watchApp;
			productReference = FF03E0072657E3B600C85852 /* watchApp.app */;
			productType = "com.apple.product-type.application.watchapp2-container";
		};
		FF03E0092657E3B600C85852 /* watchApp WatchKit App */ = {
			isa = PBXNativeTarget;
			buildConfigurationList = FF03E0472657E3BF00C85852 /* Build configuration list for PBXNativeTarget "watchApp WatchKit App" */;
			buildPhases = (
				FF03E0592657E3F800C85852 /* ShellScript */,
				FF03E0082657E3B600C85852 /* Resources */,
				FF03E0462657E3BF00C85852 /* Embed App Extensions */,
				D4EE43EF542B5CFFC3D2C7DE /* Frameworks */,
			);
			buildRules = (
			);
			dependencies = (
				FF03E0192657E3BC00C85852 /* PBXTargetDependency */,
			);
			name = "watchApp WatchKit App";
			productName = "watchApp WatchKit App";
			productReference = FF03E00A2657E3B600C85852 /* watchApp WatchKit App.app */;
			productType = "com.apple.product-type.application.watchapp2";
		};
		FF03E0152657E3BC00C85852 /* watchApp WatchKit Extension */ = {
			isa = PBXNativeTarget;
			buildConfigurationList = FF03E0422657E3BF00C85852 /* Build configuration list for PBXNativeTarget "watchApp WatchKit Extension" */;
			buildPhases = (
				FF03E0122657E3BC00C85852 /* Sources */,
				FF03E0132657E3BC00C85852 /* Frameworks */,
				FF03E0142657E3BC00C85852 /* Resources */,
			);
			buildRules = (
			);
			dependencies = (
			);
			name = "watchApp WatchKit Extension";
			productName = "watchApp WatchKit Extension";
			productReference = FF03E0162657E3BC00C85852 /* watchApp WatchKit Extension.appex */;
			productType = "com.apple.product-type.watchkit2-extension";
		};
		FF03E02F2657E3BF00C85852 /* watchAppTests */ = {
			isa = PBXNativeTarget;
			buildConfigurationList = FF03E0502657E3BF00C85852 /* Build configuration list for PBXNativeTarget "watchAppTests" */;
			buildPhases = (
				FF03E02C2657E3BF00C85852 /* Sources */,
				FF03E02D2657E3BF00C85852 /* Frameworks */,
				FF03E02E2657E3BF00C85852 /* Resources */,
			);
			buildRules = (
			);
			dependencies = (
				FF03E0322657E3BF00C85852 /* PBXTargetDependency */,
			);
			name = watchAppTests;
			productName = watchAppTests;
			productReference = FF03E0302657E3BF00C85852 /* watchAppTests.xctest */;
			productType = "com.apple.product-type.bundle.unit-test";
		};
		FF03E03A2657E3BF00C85852 /* watchAppUITests */ = {
			isa = PBXNativeTarget;
			buildConfigurationList = FF03E0542657E3BF00C85852 /* Build configuration list for PBXNativeTarget "watchAppUITests" */;
			buildPhases = (
				FF03E0372657E3BF00C85852 /* Sources */,
				FF03E0382657E3BF00C85852 /* Frameworks */,
				FF03E0392657E3BF00C85852 /* Resources */,
			);
			buildRules = (
			);
			dependencies = (
				FF03E03D2657E3BF00C85852 /* PBXTargetDependency */,
			);
			name = watchAppUITests;
			productName = watchAppUITests;
			productReference = FF03E03B2657E3BF00C85852 /* watchAppUITests.xctest */;
			productType = "com.apple.product-type.bundle.ui-testing";
		};
/* End PBXNativeTarget section */

/* Begin PBXProject section */
		7555FF73242A565900829871 /* Project object */ = {
			isa = PBXProject;
			attributes = {
				LastSwiftUpdateCheck = 1250;
				LastUpgradeCheck = 1130;
				ORGANIZATIONNAME = orgName;
				TargetAttributes = {
					7555FF7A242A565900829871 = {
						CreatedOnToolsVersion = 11.3.1;
					};
					FF03E0062657E3B600C85852 = {
						CreatedOnToolsVersion = 12.5;
					};
					FF03E0092657E3B600C85852 = {
						CreatedOnToolsVersion = 12.5;
					};
					FF03E0152657E3BC00C85852 = {
						CreatedOnToolsVersion = 12.5;
					};
					FF03E02F2657E3BF00C85852 = {
						CreatedOnToolsVersion = 12.5;
						TestTargetID = FF03E0152657E3BC00C85852;
					};
					FF03E03A2657E3BF00C85852 = {
						CreatedOnToolsVersion = 12.5;
						TestTargetID = FF03E0092657E3B600C85852;
					};
				};
			};
			buildConfigurationList = 7555FF76242A565900829871 /* Build configuration list for PBXProject "iosApp" */;
			compatibilityVersion = "Xcode 9.3";
			developmentRegion = en;
			hasScannedForEncodings = 0;
			knownRegions = (
				en,
				Base,
			);
			mainGroup = 7555FF72242A565900829871;
			productRefGroup = 7555FF7C242A565900829871 /* Products */;
			projectDirPath = "";
			projectRoot = "";
			targets = (
				7555FF7A242A565900829871 /* iosApp */,
				FF03E0062657E3B600C85852 /* watchApp */,
				FF03E0092657E3B600C85852 /* watchApp WatchKit App */,
				FF03E0152657E3BC00C85852 /* watchApp WatchKit Extension */,
				FF03E02F2657E3BF00C85852 /* watchAppTests */,
				FF03E03A2657E3BF00C85852 /* watchAppUITests */,
			);
		};
/* End PBXProject section */

/* Begin PBXResourcesBuildPhase section */
		7555FF79242A565900829871 /* Resources */ = {
			isa = PBXResourcesBuildPhase;
			buildActionMask = 2147483647;
			files = (
			);
			runOnlyForDeploymentPostprocessing = 0;
		};
		FF03E0052657E3B600C85852 /* Resources */ = {
			isa = PBXResourcesBuildPhase;
			buildActionMask = 2147483647;
			files = (
			);
			runOnlyForDeploymentPostprocessing = 0;
		};
		FF03E0082657E3B600C85852 /* Resources */ = {
			isa = PBXResourcesBuildPhase;
			buildActionMask = 2147483647;
			files = (
				FF03E0102657E3BC00C85852 /* Assets.xcassets in Resources */,
			);
			runOnlyForDeploymentPostprocessing = 0;
		};
		FF03E0142657E3BC00C85852 /* Resources */ = {
			isa = PBXResourcesBuildPhase;
			buildActionMask = 2147483647;
			files = (
				FF03E0292657E3BF00C85852 /* Preview Assets.xcassets in Resources */,
				FF03E0262657E3BF00C85852 /* Assets.xcassets in Resources */,
			);
			runOnlyForDeploymentPostprocessing = 0;
		};
		FF03E02E2657E3BF00C85852 /* Resources */ = {
			isa = PBXResourcesBuildPhase;
			buildActionMask = 2147483647;
			files = (
			);
			runOnlyForDeploymentPostprocessing = 0;
		};
		FF03E0392657E3BF00C85852 /* Resources */ = {
			isa = PBXResourcesBuildPhase;
			buildActionMask = 2147483647;
			files = (
			);
			runOnlyForDeploymentPostprocessing = 0;
		};
/* End PBXResourcesBuildPhase section */

/* Begin PBXShellScriptBuildPhase section */
		565A11CC99DDDF26FD022AC7 /* [CP] Check Pods Manifest.lock */ = {
			isa = PBXShellScriptBuildPhase;
			buildActionMask = 2147483647;
			files = (
			);
			inputFileListPaths = (
			);
			inputPaths = (
				"${PODS_PODFILE_DIR_PATH}/Podfile.lock",
				"${PODS_ROOT}/Manifest.lock",
			);
			name = "[CP] Check Pods Manifest.lock";
			outputFileListPaths = (
			);
			outputPaths = (
				"$(DERIVED_FILE_DIR)/Pods-iosApp-checkManifestLockResult.txt",
			);
			runOnlyForDeploymentPostprocessing = 0;
			shellPath = /bin/sh;
			shellScript = "diff \"${PODS_PODFILE_DIR_PATH}/Podfile.lock\" \"${PODS_ROOT}/Manifest.lock\" > /dev/null\nif [ $? != 0 ] ; then\n    # print error to STDERR\n    echo \"error: The sandbox is not in sync with the Podfile.lock. Run 'pod install' or update your CocoaPods installation.\" >&2\n    exit 1\nfi\n# This output is used by Xcode 'outputs' to avoid re-running this script phase.\necho \"SUCCESS\" > \"${SCRIPT_OUTPUT_FILE_0}\"\n";
			showEnvVarsInLog = 0;
		};
		7555FFB5242A651A00829871 /* ShellScript */ = {
			isa = PBXShellScriptBuildPhase;
			alwaysOutOfDate = 1;
			buildActionMask = 2147483647;
			files = (
			);
			inputFileListPaths = (
			);
			inputPaths = (
			);
			outputFileListPaths = (
			);
			outputPaths = (
			);
			runOnlyForDeploymentPostprocessing = 0;
			shellPath = /bin/sh;
			shellScript = "\n";
		};
		9017B92CD4D198785ADBD8E9 /* [CP] Check Pods Manifest.lock */ = {
			isa = PBXShellScriptBuildPhase;
			buildActionMask = 2147483647;
			files = (
			);
			inputFileListPaths = (
			);
			inputPaths = (
				"${PODS_PODFILE_DIR_PATH}/Podfile.lock",
				"${PODS_ROOT}/Manifest.lock",
			);
			name = "[CP] Check Pods Manifest.lock";
			outputFileListPaths = (
			);
			outputPaths = (
				"$(DERIVED_FILE_DIR)/Pods-watchApp-checkManifestLockResult.txt",
			);
			runOnlyForDeploymentPostprocessing = 0;
			shellPath = /bin/sh;
			shellScript = "diff \"${PODS_PODFILE_DIR_PATH}/Podfile.lock\" \"${PODS_ROOT}/Manifest.lock\" > /dev/null\nif [ $? != 0 ] ; then\n    # print error to STDERR\n    echo \"error: The sandbox is not in sync with the Podfile.lock. Run 'pod install' or update your CocoaPods installation.\" >&2\n    exit 1\nfi\n# This output is used by Xcode 'outputs' to avoid re-running this script phase.\necho \"SUCCESS\" > \"${SCRIPT_OUTPUT_FILE_0}\"\n";
			showEnvVarsInLog = 0;
		};
		FF03E0582657E3E400C85852 /* ShellScript */ = {
			isa = PBXShellScriptBuildPhase;
			buildActionMask = 2147483647;
			files = (
			);
			inputFileListPaths = (
			);
			inputPaths = (
			);
			outputFileListPaths = (
			);
			outputPaths = (
			);
			runOnlyForDeploymentPostprocessing = 0;
			shellPath = /bin/sh;
			shellScript = "# Type a script or drag a script file from your workspace to insert its path.\n";
		};
		FF03E0592657E3F800C85852 /* ShellScript */ = {
			isa = PBXShellScriptBuildPhase;
			buildActionMask = 2147483647;
			files = (
			);
			inputFileListPaths = (
			);
			inputPaths = (
			);
			outputFileListPaths = (
			);
			outputPaths = (
			);
			runOnlyForDeploymentPostprocessing = 0;
			shellPath = /bin/sh;
			shellScript = "\n";
		};
/* End PBXShellScriptBuildPhase section */

/* Begin PBXSourcesBuildPhase section */
		7555FF77242A565900829871 /* Sources */ = {
			isa = PBXSourcesBuildPhase;
			buildActionMask = 2147483647;
			files = (
				2152FB042600AC8F00CF470E /* iOSApp.swift in Sources */,
				7555FF83242A565900829871 /* ContentView.swift in Sources */,
			);
			runOnlyForDeploymentPostprocessing = 0;
		};
		FF03E0122657E3BC00C85852 /* Sources */ = {
			isa = PBXSourcesBuildPhase;
			buildActionMask = 2147483647;
			files = (
				FF03E0202657E3BC00C85852 /* NotificationController.swift in Sources */,
				FF03E01E2657E3BC00C85852 /* ContentView.swift in Sources */,
				FF03E0242657E3BC00C85852 /* ComplicationController.swift in Sources */,
				FF03E01C2657E3BC00C85852 /* iosAppApp.swift in Sources */,
				FF03E0222657E3BC00C85852 /* NotificationView.swift in Sources */,
			);
			runOnlyForDeploymentPostprocessing = 0;
		};
		FF03E02C2657E3BF00C85852 /* Sources */ = {
			isa = PBXSourcesBuildPhase;
			buildActionMask = 2147483647;
			files = (
				FF03E0352657E3BF00C85852 /* watchAppTests.swift in Sources */,
			);
			runOnlyForDeploymentPostprocessing = 0;
		};
		FF03E0372657E3BF00C85852 /* Sources */ = {
			isa = PBXSourcesBuildPhase;
			buildActionMask = 2147483647;
			files = (
				FF03E0402657E3BF00C85852 /* watchAppUITests.swift in Sources */,
			);
			runOnlyForDeploymentPostprocessing = 0;
		};
/* End PBXSourcesBuildPhase section */

/* Begin PBXTargetDependency section */
		FF03E00D2657E3B600C85852 /* PBXTargetDependency */ = {
			isa = PBXTargetDependency;
			target = FF03E0092657E3B600C85852 /* watchApp WatchKit App */;
			targetProxy = FF03E00C2657E3B600C85852 /* PBXContainerItemProxy */;
		};
		FF03E0192657E3BC00C85852 /* PBXTargetDependency */ = {
			isa = PBXTargetDependency;
			target = FF03E0152657E3BC00C85852 /* watchApp WatchKit Extension */;
			targetProxy = FF03E0182657E3BC00C85852 /* PBXContainerItemProxy */;
		};
		FF03E0322657E3BF00C85852 /* PBXTargetDependency */ = {
			isa = PBXTargetDependency;
			target = FF03E0152657E3BC00C85852 /* watchApp WatchKit Extension */;
			targetProxy = FF03E0312657E3BF00C85852 /* PBXContainerItemProxy */;
		};
		FF03E03D2657E3BF00C85852 /* PBXTargetDependency */ = {
			isa = PBXTargetDependency;
			target = FF03E0092657E3B600C85852 /* watchApp WatchKit App */;
			targetProxy = FF03E03C2657E3BF00C85852 /* PBXContainerItemProxy */;
		};
/* End PBXTargetDependency section */

/* Begin XCBuildConfiguration section */
		7555FFA3242A565B00829871 /* Debug */ = {
			isa = XCBuildConfiguration;
			buildSettings = {
				ALWAYS_SEARCH_USER_PATHS = NO;
				CLANG_ANALYZER_NONNULL = YES;
				CLANG_ANALYZER_NUMBER_OBJECT_CONVERSION = YES_AGGRESSIVE;
				CLANG_CXX_LANGUAGE_STANDARD = "gnu++14";
				CLANG_CXX_LIBRARY = "libc++";
				CLANG_ENABLE_MODULES = YES;
				CLANG_ENABLE_OBJC_ARC = YES;
				CLANG_ENABLE_OBJC_WEAK = YES;
				CLANG_WARN_BLOCK_CAPTURE_AUTORELEASING = YES;
				CLANG_WARN_BOOL_CONVERSION = YES;
				CLANG_WARN_COMMA = YES;
				CLANG_WARN_CONSTANT_CONVERSION = YES;
				CLANG_WARN_DEPRECATED_OBJC_IMPLEMENTATIONS = YES;
				CLANG_WARN_DIRECT_OBJC_ISA_USAGE = YES_ERROR;
				CLANG_WARN_DOCUMENTATION_COMMENTS = YES;
				CLANG_WARN_EMPTY_BODY = YES;
				CLANG_WARN_ENUM_CONVERSION = YES;
				CLANG_WARN_INFINITE_RECURSION = YES;
				CLANG_WARN_INT_CONVERSION = YES;
				CLANG_WARN_NON_LITERAL_NULL_CONVERSION = YES;
				CLANG_WARN_OBJC_IMPLICIT_RETAIN_SELF = YES;
				CLANG_WARN_OBJC_LITERAL_CONVERSION = YES;
				CLANG_WARN_OBJC_ROOT_CLASS = YES_ERROR;
				CLANG_WARN_QUOTED_INCLUDE_IN_FRAMEWORK_HEADER = YES;
				CLANG_WARN_RANGE_LOOP_ANALYSIS = YES;
				CLANG_WARN_STRICT_PROTOTYPES = YES;
				CLANG_WARN_SUSPICIOUS_MOVE = YES;
				CLANG_WARN_UNGUARDED_AVAILABILITY = YES_AGGRESSIVE;
				CLANG_WARN_UNREACHABLE_CODE = YES;
				CLANG_WARN__DUPLICATE_METHOD_MATCH = YES;
				COPY_PHASE_STRIP = NO;
				DEBUG_INFORMATION_FORMAT = "dwarf-with-dsym";
				ENABLE_STRICT_OBJC_MSGSEND = YES;
				ENABLE_TESTABILITY = YES;
				GCC_C_LANGUAGE_STANDARD = gnu11;
				GCC_DYNAMIC_NO_PIC = NO;
				GCC_NO_COMMON_BLOCKS = YES;
				GCC_OPTIMIZATION_LEVEL = 0;
				GCC_PREPROCESSOR_DEFINITIONS = (
					"DEBUG=1",
					"$(inherited)",
				);
				GCC_WARN_64_TO_32_BIT_CONVERSION = YES;
				GCC_WARN_ABOUT_RETURN_TYPE = YES_ERROR;
				GCC_WARN_UNDECLARED_SELECTOR = YES;
				GCC_WARN_UNINITIALIZED_AUTOS = YES_AGGRESSIVE;
				GCC_WARN_UNUSED_FUNCTION = YES;
				GCC_WARN_UNUSED_VARIABLE = YES;
				IPHONEOS_DEPLOYMENT_TARGET = 14.1;
				MTL_ENABLE_DEBUG_INFO = INCLUDE_SOURCE;
				MTL_FAST_MATH = YES;
				ONLY_ACTIVE_ARCH = YES;
				SDKROOT = iphoneos;
				SWIFT_ACTIVE_COMPILATION_CONDITIONS = DEBUG;
				SWIFT_OPTIMIZATION_LEVEL = "-Onone";
			};
			name = Debug;
		};
		7555FFA4242A565B00829871 /* Release */ = {
			isa = XCBuildConfiguration;
			buildSettings = {
				ALWAYS_SEARCH_USER_PATHS = NO;
				CLANG_ANALYZER_NONNULL = YES;
				CLANG_ANALYZER_NUMBER_OBJECT_CONVERSION = YES_AGGRESSIVE;
				CLANG_CXX_LANGUAGE_STANDARD = "gnu++14";
				CLANG_CXX_LIBRARY = "libc++";
				CLANG_ENABLE_MODULES = YES;
				CLANG_ENABLE_OBJC_ARC = YES;
				CLANG_ENABLE_OBJC_WEAK = YES;
				CLANG_WARN_BLOCK_CAPTURE_AUTORELEASING = YES;
				CLANG_WARN_BOOL_CONVERSION = YES;
				CLANG_WARN_COMMA = YES;
				CLANG_WARN_CONSTANT_CONVERSION = YES;
				CLANG_WARN_DEPRECATED_OBJC_IMPLEMENTATIONS = YES;
				CLANG_WARN_DIRECT_OBJC_ISA_USAGE = YES_ERROR;
				CLANG_WARN_DOCUMENTATION_COMMENTS = YES;
				CLANG_WARN_EMPTY_BODY = YES;
				CLANG_WARN_ENUM_CONVERSION = YES;
				CLANG_WARN_INFINITE_RECURSION = YES;
				CLANG_WARN_INT_CONVERSION = YES;
				CLANG_WARN_NON_LITERAL_NULL_CONVERSION = YES;
				CLANG_WARN_OBJC_IMPLICIT_RETAIN_SELF = YES;
				CLANG_WARN_OBJC_LITERAL_CONVERSION = YES;
				CLANG_WARN_OBJC_ROOT_CLASS = YES_ERROR;
				CLANG_WARN_QUOTED_INCLUDE_IN_FRAMEWORK_HEADER = YES;
				CLANG_WARN_RANGE_LOOP_ANALYSIS = YES;
				CLANG_WARN_STRICT_PROTOTYPES = YES;
				CLANG_WARN_SUSPICIOUS_MOVE = YES;
				CLANG_WARN_UNGUARDED_AVAILABILITY = YES_AGGRESSIVE;
				CLANG_WARN_UNREACHABLE_CODE = YES;
				CLANG_WARN__DUPLICATE_METHOD_MATCH = YES;
				COPY_PHASE_STRIP = NO;
				DEBUG_INFORMATION_FORMAT = "dwarf-with-dsym";
				ENABLE_NS_ASSERTIONS = NO;
				ENABLE_STRICT_OBJC_MSGSEND = YES;
				GCC_C_LANGUAGE_STANDARD = gnu11;
				GCC_NO_COMMON_BLOCKS = YES;
				GCC_WARN_64_TO_32_BIT_CONVERSION = YES;
				GCC_WARN_ABOUT_RETURN_TYPE = YES_ERROR;
				GCC_WARN_UNDECLARED_SELECTOR = YES;
				GCC_WARN_UNINITIALIZED_AUTOS = YES_AGGRESSIVE;
				GCC_WARN_UNUSED_FUNCTION = YES;
				GCC_WARN_UNUSED_VARIABLE = YES;
				IPHONEOS_DEPLOYMENT_TARGET = 14.1;
				MTL_ENABLE_DEBUG_INFO = NO;
				MTL_FAST_MATH = YES;
				SDKROOT = iphoneos;
				SWIFT_COMPILATION_MODE = wholemodule;
				SWIFT_OPTIMIZATION_LEVEL = "-O";
				VALIDATE_PRODUCT = YES;
			};
			name = Release;
		};
		7555FFA6242A565B00829871 /* Debug */ = {
			isa = XCBuildConfiguration;
			baseConfigurationReference = B2794B1FE958DE87ECC144CD /* Pods-iosApp.debug.xcconfig */;
			buildSettings = {
				ASSETCATALOG_COMPILER_APPICON_NAME = AppIcon;
				CODE_SIGN_STYLE = Automatic;
				ENABLE_PREVIEWS = YES;
				EXCLUDED_ARCHS = "";
				FRAMEWORK_SEARCH_PATHS = "$(inherited)";
				INFOPLIST_FILE = iosApp/Info.plist;
				KOTLIN_FRAMEWORK_BUILD_TYPE = "";
				LD_RUNPATH_SEARCH_PATHS = (
					"$(inherited)",
					"@executable_path/Frameworks",
				);
				OTHER_LDFLAGS = "$(inherited)";
				PRODUCT_BUNDLE_IDENTIFIER = orgIdentifier.iosApp;
				PRODUCT_NAME = "$(TARGET_NAME)";
				SWIFT_VERSION = 5.0;
				TARGETED_DEVICE_FAMILY = "1,2";
				TVOS_DEPLOYMENT_TARGET = 14.5;
			};
			name = Debug;
		};
		7555FFA7242A565B00829871 /* Release */ = {
			isa = XCBuildConfiguration;
			baseConfigurationReference = E71964F677E40F99EC2D3891 /* Pods-iosApp.release.xcconfig */;
			buildSettings = {
				ARCHS = "$(ARCHS_STANDARD)";
				ASSETCATALOG_COMPILER_APPICON_NAME = AppIcon;
				CODE_SIGN_STYLE = Automatic;
				ENABLE_PREVIEWS = YES;
				EXCLUDED_ARCHS = "";
				FRAMEWORK_SEARCH_PATHS = "$(inherited)";
				INFOPLIST_FILE = iosApp/Info.plist;
				KOTLIN_FRAMEWORK_BUILD_TYPE = "";
				LD_RUNPATH_SEARCH_PATHS = (
					"$(inherited)",
					"@executable_path/Frameworks",
				);
				ONLY_ACTIVE_ARCH = YES;
				OTHER_LDFLAGS = "$(inherited)";
				PRODUCT_BUNDLE_IDENTIFIER = orgIdentifier.iosApp;
				PRODUCT_NAME = "$(TARGET_NAME)";
				SWIFT_VERSION = 5.0;
				TARGETED_DEVICE_FAMILY = "1,2";
				TVOS_DEPLOYMENT_TARGET = 14.5;
			};
			name = Release;
		};
		FF03E0432657E3BF00C85852 /* Debug */ = {
			isa = XCBuildConfiguration;
			buildSettings = {
				ASSETCATALOG_COMPILER_COMPLICATION_NAME = Complication;
				CODE_SIGN_STYLE = Automatic;
				DEBUG_INFORMATION_FORMAT = dwarf;
				DEVELOPMENT_ASSET_PATHS = "\"watchApp WatchKit Extension/Preview Content\"";
				DEVELOPMENT_TEAM = 4RX5B47H76;
				ENABLE_PREVIEWS = YES;
				INFOPLIST_FILE = "watchApp WatchKit Extension/Info.plist";
				LD_RUNPATH_SEARCH_PATHS = (
					"$(inherited)",
					"@executable_path/Frameworks",
					"@executable_path/../../Frameworks",
				);
				PRODUCT_BUNDLE_IDENTIFIER = some.watchApp.watchkitapp.watchkitextension;
				PRODUCT_NAME = "${TARGET_NAME}";
				SDKROOT = watchos;
				SKIP_INSTALL = YES;
				SWIFT_VERSION = 5.0;
				TARGETED_DEVICE_FAMILY = 4;
				WATCHOS_DEPLOYMENT_TARGET = 7.4;
			};
			name = Debug;
		};
		FF03E0442657E3BF00C85852 /* QA */ = {
			isa = XCBuildConfiguration;
			buildSettings = {
				ASSETCATALOG_COMPILER_COMPLICATION_NAME = Complication;
				CODE_SIGN_STYLE = Automatic;
				DEVELOPMENT_ASSET_PATHS = "\"watchApp WatchKit Extension/Preview Content\"";
				DEVELOPMENT_TEAM = 4RX5B47H76;
				ENABLE_PREVIEWS = YES;
				INFOPLIST_FILE = "watchApp WatchKit Extension/Info.plist";
				LD_RUNPATH_SEARCH_PATHS = (
					"$(inherited)",
					"@executable_path/Frameworks",
					"@executable_path/../../Frameworks",
				);
				PRODUCT_BUNDLE_IDENTIFIER = some.watchApp.watchkitapp.watchkitextension;
				PRODUCT_NAME = "${TARGET_NAME}";
				SDKROOT = watchos;
				SKIP_INSTALL = YES;
				SWIFT_VERSION = 5.0;
				TARGETED_DEVICE_FAMILY = 4;
				WATCHOS_DEPLOYMENT_TARGET = 7.4;
			};
			name = QA;
		};
		FF03E0452657E3BF00C85852 /* Release */ = {
			isa = XCBuildConfiguration;
			buildSettings = {
				ASSETCATALOG_COMPILER_COMPLICATION_NAME = Complication;
				CODE_SIGN_STYLE = Automatic;
				DEVELOPMENT_ASSET_PATHS = "\"watchApp WatchKit Extension/Preview Content\"";
				DEVELOPMENT_TEAM = 4RX5B47H76;
				ENABLE_PREVIEWS = YES;
				INFOPLIST_FILE = "watchApp WatchKit Extension/Info.plist";
				LD_RUNPATH_SEARCH_PATHS = (
					"$(inherited)",
					"@executable_path/Frameworks",
					"@executable_path/../../Frameworks",
				);
				PRODUCT_BUNDLE_IDENTIFIER = some.watchApp.watchkitapp.watchkitextension;
				PRODUCT_NAME = "${TARGET_NAME}";
				SDKROOT = watchos;
				SKIP_INSTALL = YES;
				SWIFT_VERSION = 5.0;
				TARGETED_DEVICE_FAMILY = 4;
				WATCHOS_DEPLOYMENT_TARGET = 7.4;
			};
			name = Release;
		};
		FF03E0482657E3BF00C85852 /* Debug */ = {
			isa = XCBuildConfiguration;
			buildSettings = {
				ALWAYS_EMBED_SWIFT_STANDARD_LIBRARIES = YES;
				ASSETCATALOG_COMPILER_APPICON_NAME = AppIcon;
				ASSETCATALOG_COMPILER_GLOBAL_ACCENT_COLOR_NAME = AccentColor;
				CODE_SIGN_STYLE = Automatic;
				DEBUG_INFORMATION_FORMAT = dwarf;
				DEVELOPMENT_TEAM = 4RX5B47H76;
				FRAMEWORK_SEARCH_PATHS = "$(inherited)";
				IBSC_MODULE = watchApp_WatchKit_Extension;
				INFOPLIST_FILE = "watchApp WatchKit App/Info.plist";
				OTHER_LDFLAGS = "$(inherited)";
				PRODUCT_BUNDLE_IDENTIFIER = some.watchApp.watchkitapp;
				PRODUCT_NAME = "$(TARGET_NAME)";
				SDKROOT = watchos;
				SKIP_INSTALL = YES;
				SWIFT_VERSION = 5.0;
				TARGETED_DEVICE_FAMILY = 4;
				WATCHOS_DEPLOYMENT_TARGET = 7.4;
			};
			name = Debug;
		};
		FF03E0492657E3BF00C85852 /* QA */ = {
			isa = XCBuildConfiguration;
			buildSettings = {
				ALWAYS_EMBED_SWIFT_STANDARD_LIBRARIES = YES;
				ASSETCATALOG_COMPILER_APPICON_NAME = AppIcon;
				ASSETCATALOG_COMPILER_GLOBAL_ACCENT_COLOR_NAME = AccentColor;
				CODE_SIGN_STYLE = Automatic;
				DEVELOPMENT_TEAM = 4RX5B47H76;
				FRAMEWORK_SEARCH_PATHS = "$(inherited)";
				IBSC_MODULE = watchApp_WatchKit_Extension;
				INFOPLIST_FILE = "watchApp WatchKit App/Info.plist";
				OTHER_LDFLAGS = "$(inherited)";
				PRODUCT_BUNDLE_IDENTIFIER = some.watchApp.watchkitapp;
				PRODUCT_NAME = "$(TARGET_NAME)";
				SDKROOT = watchos;
				SKIP_INSTALL = YES;
				SWIFT_VERSION = 5.0;
				TARGETED_DEVICE_FAMILY = 4;
				WATCHOS_DEPLOYMENT_TARGET = 7.4;
			};
			name = QA;
		};
		FF03E04A2657E3BF00C85852 /* Release */ = {
			isa = XCBuildConfiguration;
			buildSettings = {
				ALWAYS_EMBED_SWIFT_STANDARD_LIBRARIES = YES;
				ASSETCATALOG_COMPILER_APPICON_NAME = AppIcon;
				ASSETCATALOG_COMPILER_GLOBAL_ACCENT_COLOR_NAME = AccentColor;
				CODE_SIGN_STYLE = Automatic;
				DEVELOPMENT_TEAM = 4RX5B47H76;
				FRAMEWORK_SEARCH_PATHS = "$(inherited)";
				IBSC_MODULE = watchApp_WatchKit_Extension;
				INFOPLIST_FILE = "watchApp WatchKit App/Info.plist";
				OTHER_LDFLAGS = "$(inherited)";
				PRODUCT_BUNDLE_IDENTIFIER = some.watchApp.watchkitapp;
				PRODUCT_NAME = "$(TARGET_NAME)";
				SDKROOT = watchos;
				SKIP_INSTALL = YES;
				SWIFT_VERSION = 5.0;
				TARGETED_DEVICE_FAMILY = 4;
				WATCHOS_DEPLOYMENT_TARGET = 7.4;
			};
			name = Release;
		};
		FF03E04D2657E3BF00C85852 /* Debug */ = {
			isa = XCBuildConfiguration;
			baseConfigurationReference = E46FE2F950D3463204DE8592 /* Pods-watchApp.debug.xcconfig */;
			buildSettings = {
				CODE_SIGN_STYLE = Automatic;
				CURRENT_PROJECT_VERSION = 1;
				DEBUG_INFORMATION_FORMAT = dwarf;
				DEVELOPMENT_TEAM = 4RX5B47H76;
				MARKETING_VERSION = 1.0;
				PRODUCT_BUNDLE_IDENTIFIER = some.watchApp;
				PRODUCT_NAME = "$(TARGET_NAME)";
				SWIFT_VERSION = 5.0;
			};
			name = Debug;
		};
		FF03E04E2657E3BF00C85852 /* QA */ = {
			isa = XCBuildConfiguration;
			baseConfigurationReference = 735EABD62313C8FFDB43B500 /* Pods-watchApp.qa.xcconfig */;
			buildSettings = {
				CODE_SIGN_STYLE = Automatic;
				CURRENT_PROJECT_VERSION = 1;
				DEVELOPMENT_TEAM = 4RX5B47H76;
				MARKETING_VERSION = 1.0;
				PRODUCT_BUNDLE_IDENTIFIER = some.watchApp;
				PRODUCT_NAME = "$(TARGET_NAME)";
				SWIFT_VERSION = 5.0;
			};
			name = QA;
		};
		FF03E04F2657E3BF00C85852 /* Release */ = {
			isa = XCBuildConfiguration;
			baseConfigurationReference = 4917A8A305561C5255FAEC14 /* Pods-watchApp.release.xcconfig */;
			buildSettings = {
				CODE_SIGN_STYLE = Automatic;
				CURRENT_PROJECT_VERSION = 1;
				DEVELOPMENT_TEAM = 4RX5B47H76;
				MARKETING_VERSION = 1.0;
				PRODUCT_BUNDLE_IDENTIFIER = some.watchApp;
				PRODUCT_NAME = "$(TARGET_NAME)";
				SWIFT_VERSION = 5.0;
			};
			name = Release;
		};
		FF03E0512657E3BF00C85852 /* Debug */ = {
			isa = XCBuildConfiguration;
			buildSettings = {
				ALWAYS_EMBED_SWIFT_STANDARD_LIBRARIES = YES;
				BUNDLE_LOADER = "$(TEST_HOST)";
				CODE_SIGN_STYLE = Automatic;
				DEBUG_INFORMATION_FORMAT = dwarf;
				DEVELOPMENT_TEAM = 4RX5B47H76;
				INFOPLIST_FILE = watchAppTests/Info.plist;
				LD_RUNPATH_SEARCH_PATHS = (
					"$(inherited)",
					"@executable_path/Frameworks",
					"@loader_path/Frameworks",
				);
				PRODUCT_BUNDLE_IDENTIFIER = some.watchAppTests;
				PRODUCT_NAME = "$(TARGET_NAME)";
				SDKROOT = watchos;
				SWIFT_VERSION = 5.0;
				TARGETED_DEVICE_FAMILY = 4;
				TEST_HOST = "$(BUILT_PRODUCTS_DIR)/watchApp WatchKit Extension.appex/watchApp WatchKit Extension";
				WATCHOS_DEPLOYMENT_TARGET = 7.4;
			};
			name = Debug;
		};
		FF03E0522657E3BF00C85852 /* QA */ = {
			isa = XCBuildConfiguration;
			buildSettings = {
				ALWAYS_EMBED_SWIFT_STANDARD_LIBRARIES = YES;
				BUNDLE_LOADER = "$(TEST_HOST)";
				CODE_SIGN_STYLE = Automatic;
				DEVELOPMENT_TEAM = 4RX5B47H76;
				INFOPLIST_FILE = watchAppTests/Info.plist;
				LD_RUNPATH_SEARCH_PATHS = (
					"$(inherited)",
					"@executable_path/Frameworks",
					"@loader_path/Frameworks",
				);
				PRODUCT_BUNDLE_IDENTIFIER = some.watchAppTests;
				PRODUCT_NAME = "$(TARGET_NAME)";
				SDKROOT = watchos;
				SWIFT_VERSION = 5.0;
				TARGETED_DEVICE_FAMILY = 4;
				TEST_HOST = "$(BUILT_PRODUCTS_DIR)/watchApp WatchKit Extension.appex/watchApp WatchKit Extension";
				WATCHOS_DEPLOYMENT_TARGET = 7.4;
			};
			name = QA;
		};
		FF03E0532657E3BF00C85852 /* Release */ = {
			isa = XCBuildConfiguration;
			buildSettings = {
				ALWAYS_EMBED_SWIFT_STANDARD_LIBRARIES = YES;
				BUNDLE_LOADER = "$(TEST_HOST)";
				CODE_SIGN_STYLE = Automatic;
				DEVELOPMENT_TEAM = 4RX5B47H76;
				INFOPLIST_FILE = watchAppTests/Info.plist;
				LD_RUNPATH_SEARCH_PATHS = (
					"$(inherited)",
					"@executable_path/Frameworks",
					"@loader_path/Frameworks",
				);
				PRODUCT_BUNDLE_IDENTIFIER = some.watchAppTests;
				PRODUCT_NAME = "$(TARGET_NAME)";
				SDKROOT = watchos;
				SWIFT_VERSION = 5.0;
				TARGETED_DEVICE_FAMILY = 4;
				TEST_HOST = "$(BUILT_PRODUCTS_DIR)/watchApp WatchKit Extension.appex/watchApp WatchKit Extension";
				WATCHOS_DEPLOYMENT_TARGET = 7.4;
			};
			name = Release;
		};
		FF03E0552657E3BF00C85852 /* Debug */ = {
			isa = XCBuildConfiguration;
			buildSettings = {
				CODE_SIGN_STYLE = Automatic;
				DEBUG_INFORMATION_FORMAT = dwarf;
				DEVELOPMENT_TEAM = 4RX5B47H76;
				INFOPLIST_FILE = watchAppUITests/Info.plist;
				LD_RUNPATH_SEARCH_PATHS = (
					"$(inherited)",
					"@executable_path/Frameworks",
					"@loader_path/Frameworks",
				);
				PRODUCT_BUNDLE_IDENTIFIER = some.watchAppUITests;
				PRODUCT_NAME = "$(TARGET_NAME)";
				SDKROOT = watchos;
				SWIFT_VERSION = 5.0;
				TARGETED_DEVICE_FAMILY = 4;
				TEST_TARGET_NAME = "watchApp WatchKit App";
				WATCHOS_DEPLOYMENT_TARGET = 7.4;
			};
			name = Debug;
		};
		FF03E0562657E3BF00C85852 /* QA */ = {
			isa = XCBuildConfiguration;
			buildSettings = {
				CODE_SIGN_STYLE = Automatic;
				DEVELOPMENT_TEAM = 4RX5B47H76;
				INFOPLIST_FILE = watchAppUITests/Info.plist;
				LD_RUNPATH_SEARCH_PATHS = (
					"$(inherited)",
					"@executable_path/Frameworks",
					"@loader_path/Frameworks",
				);
				PRODUCT_BUNDLE_IDENTIFIER = some.watchAppUITests;
				PRODUCT_NAME = "$(TARGET_NAME)";
				SDKROOT = watchos;
				SWIFT_VERSION = 5.0;
				TARGETED_DEVICE_FAMILY = 4;
				TEST_TARGET_NAME = "watchApp WatchKit App";
				WATCHOS_DEPLOYMENT_TARGET = 7.4;
			};
			name = QA;
		};
		FF03E0572657E3BF00C85852 /* Release */ = {
			isa = XCBuildConfiguration;
			buildSettings = {
				CODE_SIGN_STYLE = Automatic;
				DEVELOPMENT_TEAM = 4RX5B47H76;
				INFOPLIST_FILE = watchAppUITests/Info.plist;
				LD_RUNPATH_SEARCH_PATHS = (
					"$(inherited)",
					"@executable_path/Frameworks",
					"@loader_path/Frameworks",
				);
				PRODUCT_BUNDLE_IDENTIFIER = some.watchAppUITests;
				PRODUCT_NAME = "$(TARGET_NAME)";
				SDKROOT = watchos;
				SWIFT_VERSION = 5.0;
				TARGETED_DEVICE_FAMILY = 4;
				TEST_TARGET_NAME = "watchApp WatchKit App";
				WATCHOS_DEPLOYMENT_TARGET = 7.4;
			};
			name = Release;
		};
		FFFA627D264D5D9800300A61 /* QA */ = {
			isa = XCBuildConfiguration;
			buildSettings = {
				ALWAYS_SEARCH_USER_PATHS = NO;
				CLANG_ANALYZER_NONNULL = YES;
				CLANG_ANALYZER_NUMBER_OBJECT_CONVERSION = YES_AGGRESSIVE;
				CLANG_CXX_LANGUAGE_STANDARD = "gnu++14";
				CLANG_CXX_LIBRARY = "libc++";
				CLANG_ENABLE_MODULES = YES;
				CLANG_ENABLE_OBJC_ARC = YES;
				CLANG_ENABLE_OBJC_WEAK = YES;
				CLANG_WARN_BLOCK_CAPTURE_AUTORELEASING = YES;
				CLANG_WARN_BOOL_CONVERSION = YES;
				CLANG_WARN_COMMA = YES;
				CLANG_WARN_CONSTANT_CONVERSION = YES;
				CLANG_WARN_DEPRECATED_OBJC_IMPLEMENTATIONS = YES;
				CLANG_WARN_DIRECT_OBJC_ISA_USAGE = YES_ERROR;
				CLANG_WARN_DOCUMENTATION_COMMENTS = YES;
				CLANG_WARN_EMPTY_BODY = YES;
				CLANG_WARN_ENUM_CONVERSION = YES;
				CLANG_WARN_INFINITE_RECURSION = YES;
				CLANG_WARN_INT_CONVERSION = YES;
				CLANG_WARN_NON_LITERAL_NULL_CONVERSION = YES;
				CLANG_WARN_OBJC_IMPLICIT_RETAIN_SELF = YES;
				CLANG_WARN_OBJC_LITERAL_CONVERSION = YES;
				CLANG_WARN_OBJC_ROOT_CLASS = YES_ERROR;
				CLANG_WARN_QUOTED_INCLUDE_IN_FRAMEWORK_HEADER = YES;
				CLANG_WARN_RANGE_LOOP_ANALYSIS = YES;
				CLANG_WARN_STRICT_PROTOTYPES = YES;
				CLANG_WARN_SUSPICIOUS_MOVE = YES;
				CLANG_WARN_UNGUARDED_AVAILABILITY = YES_AGGRESSIVE;
				CLANG_WARN_UNREACHABLE_CODE = YES;
				CLANG_WARN__DUPLICATE_METHOD_MATCH = YES;
				COPY_PHASE_STRIP = NO;
				DEBUG_INFORMATION_FORMAT = "dwarf-with-dsym";
				ENABLE_STRICT_OBJC_MSGSEND = YES;
				ENABLE_TESTABILITY = YES;
				GCC_C_LANGUAGE_STANDARD = gnu11;
				GCC_DYNAMIC_NO_PIC = NO;
				GCC_NO_COMMON_BLOCKS = YES;
				GCC_OPTIMIZATION_LEVEL = 0;
				GCC_PREPROCESSOR_DEFINITIONS = (
					"DEBUG=1",
					"$(inherited)",
				);
				GCC_WARN_64_TO_32_BIT_CONVERSION = YES;
				GCC_WARN_ABOUT_RETURN_TYPE = YES_ERROR;
				GCC_WARN_UNDECLARED_SELECTOR = YES;
				GCC_WARN_UNINITIALIZED_AUTOS = YES_AGGRESSIVE;
				GCC_WARN_UNUSED_FUNCTION = YES;
				GCC_WARN_UNUSED_VARIABLE = YES;
				IPHONEOS_DEPLOYMENT_TARGET = 14.1;
				MTL_ENABLE_DEBUG_INFO = INCLUDE_SOURCE;
				MTL_FAST_MATH = YES;
				ONLY_ACTIVE_ARCH = YES;
				SDKROOT = iphoneos;
				SWIFT_ACTIVE_COMPILATION_CONDITIONS = DEBUG;
				SWIFT_OPTIMIZATION_LEVEL = "-Onone";
			};
			name = QA;
		};
		FFFA627E264D5D9800300A61 /* QA */ = {
			isa = XCBuildConfiguration;
			baseConfigurationReference = 044972F6A3B578055ACB6B1B /* Pods-iosApp.qa.xcconfig */;
			buildSettings = {
				ASSETCATALOG_COMPILER_APPICON_NAME = AppIcon;
				CODE_SIGN_STYLE = Automatic;
				ENABLE_PREVIEWS = YES;
				EXCLUDED_ARCHS = "";
				FRAMEWORK_SEARCH_PATHS = "$(inherited)";
				INFOPLIST_FILE = iosApp/Info.plist;
				KOTLIN_FRAMEWORK_BUILD_TYPE = Debug;
				LD_RUNPATH_SEARCH_PATHS = (
					"$(inherited)",
					"@executable_path/Frameworks",
				);
				OTHER_LDFLAGS = "$(inherited)";
				PRODUCT_BUNDLE_IDENTIFIER = orgIdentifier.iosApp;
				PRODUCT_NAME = "$(TARGET_NAME)";
				SWIFT_VERSION = 5.0;
				TARGETED_DEVICE_FAMILY = "1,2";
				TVOS_DEPLOYMENT_TARGET = 14.5;
			};
			name = QA;
		};
/* End XCBuildConfiguration section */

/* Begin XCConfigurationList section */
		7555FF76242A565900829871 /* Build configuration list for PBXProject "iosApp" */ = {
			isa = XCConfigurationList;
			buildConfigurations = (
				7555FFA3242A565B00829871 /* Debug */,
				FFFA627D264D5D9800300A61 /* QA */,
				7555FFA4242A565B00829871 /* Release */,
			);
			defaultConfigurationIsVisible = 0;
			defaultConfigurationName = Release;
		};
		7555FFA5242A565B00829871 /* Build configuration list for PBXNativeTarget "iosApp" */ = {
			isa = XCConfigurationList;
			buildConfigurations = (
				7555FFA6242A565B00829871 /* Debug */,
				FFFA627E264D5D9800300A61 /* QA */,
				7555FFA7242A565B00829871 /* Release */,
			);
			defaultConfigurationIsVisible = 0;
			defaultConfigurationName = Release;
		};
		FF03E0422657E3BF00C85852 /* Build configuration list for PBXNativeTarget "watchApp WatchKit Extension" */ = {
			isa = XCConfigurationList;
			buildConfigurations = (
				FF03E0432657E3BF00C85852 /* Debug */,
				FF03E0442657E3BF00C85852 /* QA */,
				FF03E0452657E3BF00C85852 /* Release */,
			);
			defaultConfigurationIsVisible = 0;
			defaultConfigurationName = Release;
		};
		FF03E0472657E3BF00C85852 /* Build configuration list for PBXNativeTarget "watchApp WatchKit App" */ = {
			isa = XCConfigurationList;
			buildConfigurations = (
				FF03E0482657E3BF00C85852 /* Debug */,
				FF03E0492657E3BF00C85852 /* QA */,
				FF03E04A2657E3BF00C85852 /* Release */,
			);
			defaultConfigurationIsVisible = 0;
			defaultConfigurationName = Release;
		};
		FF03E04C2657E3BF00C85852 /* Build configuration list for PBXNativeTarget "watchApp" */ = {
			isa = XCConfigurationList;
			buildConfigurations = (
				FF03E04D2657E3BF00C85852 /* Debug */,
				FF03E04E2657E3BF00C85852 /* QA */,
				FF03E04F2657E3BF00C85852 /* Release */,
			);
			defaultConfigurationIsVisible = 0;
			defaultConfigurationName = Release;
		};
		FF03E0502657E3BF00C85852 /* Build configuration list for PBXNativeTarget "watchAppTests" */ = {
			isa = XCConfigurationList;
			buildConfigurations = (
				FF03E0512657E3BF00C85852 /* Debug */,
				FF03E0522657E3BF00C85852 /* QA */,
				FF03E0532657E3BF00C85852 /* Release */,
			);
			defaultConfigurationIsVisible = 0;
			defaultConfigurationName = Release;
		};
		FF03E0542657E3BF00C85852 /* Build configuration list for PBXNativeTarget "watchAppUITests" */ = {
			isa = XCConfigurationList;
			buildConfigurations = (
				FF03E0552657E3BF00C85852 /* Debug */,
				FF03E0562657E3BF00C85852 /* QA */,
				FF03E0572657E3BF00C85852 /* Release */,
			);
			defaultConfigurationIsVisible = 0;
			defaultConfigurationName = Release;
		};
/* End XCConfigurationList section */
	};
	rootObject = 7555FF73242A565900829871 /* Project object */;
}
